<?xml version="1.0" encoding="utf-8"?>
<Project ToolsVersion="4.0" xmlns="http://schemas.microsoft.com/developer/msbuild/2003">
  <ItemGroup>
    <Filter Include="WorldServer">
      <UniqueIdentifier>{5fcad29c-abb5-4440-b597-5f1f45e12cb7}</UniqueIdentifier>
    </Filter>
    <Filter Include="WorldServer\Objects">
      <UniqueIdentifier>{65d55b12-732d-4e01-b250-e1baa41f6898}</UniqueIdentifier>
    </Filter>
    <Filter Include="WorldServer\Objects\Object">
      <UniqueIdentifier>{8dd677be-7d8c-45da-8544-b591a48203de}</UniqueIdentifier>
    </Filter>
    <Filter Include="WorldServer\Objects\World">
      <UniqueIdentifier>{8204d5d7-1671-48ad-930b-b35b5bc9971d}</UniqueIdentifier>
    </Filter>
    <Filter Include="WorldServer\tinyXml2">
      <UniqueIdentifier>{04689018-31ba-4979-b098-ab4bd6ba0138}</UniqueIdentifier>
    </Filter>
  </ItemGroup>
  <ItemGroup>
    <ClCompile Include="main.cpp" />
    <ClCompile Include="WorldServer.cpp">
      <Filter>WorldServer</Filter>
    </ClCompile>
    <ClCompile Include="World.cpp">
      <Filter>WorldServer\Objects\World</Filter>
    </ClCompile>
    <ClCompile Include="NonPlayer.cpp">
      <Filter>WorldServer\Objects\Object</Filter>
    </ClCompile>
    <ClCompile Include="Object.cpp">
      <Filter>WorldServer\Objects\Object</Filter>
    </ClCompile>
    <ClCompile Include="Player.cpp">
      <Filter>WorldServer\Objects\Object</Filter>
    </ClCompile>
    <ClCompile Include="Sector.cpp">
      <Filter>WorldServer\Objects\World</Filter>
    </ClCompile>
    <ClCompile Include="tinyxml2\tinyxml2.cpp">
      <Filter>WorldServer\tinyXml2</Filter>
    </ClCompile>
  </ItemGroup>
  <ItemGroup>
    <ClInclude Include="WorldServer.h">
      <Filter>WorldServer</Filter>
    </ClInclude>
    <ClInclude Include="Faction.h">
      <Filter>WorldServer\Objects</Filter>
    </ClInclude>
    <ClInclude Include="Quest.h">
      <Filter>WorldServer\Objects</Filter>
    </ClInclude>
    <ClInclude Include="World.h">
      <Filter>WorldServer\Objects\World</Filter>
    </ClInclude>
    <ClInclude Include="NonPlayer.h">
      <Filter>WorldServer\Objects\Object</Filter>
    </ClInclude>
    <ClInclude Include="Object.h">
      <Filter>WorldServer\Objects\Object</Filter>
    </ClInclude>
    <ClInclude Include="ObjectState.h">
      <Filter>WorldServer\Objects\Object</Filter>
    </ClInclude>
    <ClInclude Include="ObjectType.h">
      <Filter>WorldServer\Objects\Object</Filter>
    </ClInclude>
    <ClInclude Include="Player.h">
      <Filter>WorldServer\Objects\Object</Filter>
    </ClInclude>
    <ClInclude Include="Sector.h">
      <Filter>WorldServer\Objects\World</Filter>
    </ClInclude>
    <ClInclude Include="tinyxml2\tinyxml2.h">
      <Filter>WorldServer\tinyXml2</Filter>
    </ClInclude>
    <ClInclude Include="Status.h">
      <Filter>WorldServer\Objects\Object</Filter>
    </ClInclude>
  </ItemGroup>
  <ItemGroup>
    <None Include="packages.config" />
  </ItemGroup>
</Project>